
Microsoft Visual Studio Solution File, Format Version 12.00
# Visual Studio Version 17
VisualStudioVersion = 17.3.32825.248
MinimumVisualStudioVersion = 10.0.40219.1
Project("{FAE04EC0-301F-11D3-BF4B-00C04F79EFBC}") = "SelectMenutje", "SelectMenutje\SelectMenutje.csproj", "{D783DAEC-4AE6-4109-96E6-B33D9A093D68}"
EndProject
Global
	GlobalSection(SolutionConfigurationPlatforms) = preSolution
		Debug|Any CPU = Debug|Any CPU
		Release|Any CPU = Release|Any CPU
	EndGlobalSection
	GlobalSection(ProjectConfigurationPlatforms) = postSolution
		{D783DAEC-4AE6-4109-96E6-B33D9A093D68}.Debug|Any CPU.ActiveCfg = Debug|Any CPU
		{D783DAEC-4AE6-4109-96E6-B33D9A093D68}.Debug|Any CPU.Build.0 = Debug|Any CPU
		{D783DAEC-4AE6-4109-96E6-B33D9A093D68}.Release|Any CPU.ActiveCfg = Release|Any CPU
		{D783DAEC-4AE6-4109-96E6-B33D9A093D68}.Release|Any CPU.Build.0 = Release|Any CPU
	EndGlobalSection
	GlobalSection(SolutionProperties) = preSolution
		HideSolutionNode = FALSE
	EndGlobalSection
	GlobalSection(ExtensibilityGlobals) = postSolution
		SolutionGuid = {6FB2646A-4996-4677-B6DC-E10C8D61FD85}
	EndGlobalSection
EndGlobal
